<Solution>
  <Project Path="../CheatCodesPractice/CheatCode1/CheatCode1.csproj" />
  <Project Path="../CheatCodesPractice/CheatCode2/CheatCode2.csproj" />
  <Project Path="../CheatCodesPractice/CheatCode2/CheatCode5/CheatCode5.csproj" />
  <Project Path="../CheatCodesPractice/CheatCode3/CheatCode3.csproj" />
  <Project Path="../CheatCodesPractice/CheatCode4/CheatCode4.csproj" />
</Solution>
